{
  "name": "fabrikamfiber-web-uxtests",
  "version": "1.0.0",
  "lockfileVersion": 3,
  "requires": true,
  "packages": {
    "": {
      "name": "fabrikamfiber-web-uxtests",
      "version": "1.0.0",
      "license": "MIT",
      "devDependencies": {
        "@playwright/test": "^1.44.1",
        "typescript": "^5.2.2"
      }
    },
    "node_modules/@playwright/test": {
      "version": "1.44.1",
      "resolved": "https://registry.npmjs.org/@playwright/test/-/test-1.44.1.tgz",
      "integrity": "sha512-2T+ZsM4p2Qn6uE+Z1rZcE9X3Huwk6X2M6o6Vw6uqiC2Zl82zP7QxgFjleqfJY3zKpE8vC7Qk4lT8r7vJpC+p0iw==",
      "dev": true,
      "dependencies": {
        "playwright-core": "^1.44.1"
      }
    },
    "node_modules/playwright-core": {
      "version": "1.44.1",
      "resolved": "https://registry.npmjs.org/playwright-core/-/playwright-core-1.44.1.tgz",
      "integrity": "sha512-2T+ZsM4p2Qn6uE+Z1rZcE9X3Huwk6X2M6o6Vw6uqiC2Zl82zP7QxgFjleqfJY3zKpE8vC7Qk4lT8r7vJpC+p0iw==",
      "dev": true
    },
    "node_modules/typescript": {
      "version": "5.2.2",
      "resolved": "https://registry.npmjs.org/typescript/-/typescript-5.2.2.tgz",
      "integrity": "sha512-3I2P+4fPfiNtmP7Y2G2yH+Kds7FhB0K7C1O1Q0N6P+4nKpA6sHqH+3J8lQFZ9K6jK9y8X2P2F4Qk7F6l6a9tK9w==",
      "dev": true
    }
  },
  "dependencies": {},
  "devDependencies": {
    "@playwright/test": "^1.44.1",
    "typescript": "^5.2.2"
  }
}